// !$*UTF8*$!
{
	archiveVersion = 1;
	classes = {
	};
	objectVersion = 46;
	objects = {

/* Begin PBXBuildFile section */
		6E1D8FF81E4BFF5E0095F47E /* issue.json in CopyFiles */ = {isa = PBXBuildFile; fileRef = 6E1D8FEF1E4BFF210095F47E /* issue.json */; };
		6E1D8FF91E4BFF5E0095F47E /* issues.json in CopyFiles */ = {isa = PBXBuildFile; fileRef = 6E1D8FF01E4BFF210095F47E /* issues.json */; };
		6E1D8FFA1E4BFF5E0095F47E /* public_key.json in CopyFiles */ = {isa = PBXBuildFile; fileRef = 6E1D8FF11E4BFF210095F47E /* public_key.json */; };
		6E1D8FFB1E4BFF5E0095F47E /* repo.json in CopyFiles */ = {isa = PBXBuildFile; fileRef = 6E1D8FF21E4BFF210095F47E /* repo.json */; };
		6E1D8FFC1E4BFF5E0095F47E /* user_me.json in CopyFiles */ = {isa = PBXBuildFile; fileRef = 6E1D8FF31E4BFF210095F47E /* user_me.json */; };
		6E1D8FFD1E4BFF5E0095F47E /* user_mietzmithut.json in CopyFiles */ = {isa = PBXBuildFile; fileRef = 6E1D8FF41E4BFF210095F47E /* user_mietzmithut.json */; };
		6E1D8FFE1E4BFF5E0095F47E /* user_repos.json in CopyFiles */ = {isa = PBXBuildFile; fileRef = 6E1D8FF51E4BFF210095F47E /* user_repos.json */; };
		6E1D8FFF1E4BFF5E0095F47E /* users.json in CopyFiles */ = {isa = PBXBuildFile; fileRef = 6E1D8FF61E4BFF210095F47E /* users.json */; };
		OBJ_48 /* JSONPostRouter.swift in Sources */ = {isa = PBXBuildFile; fileRef = OBJ_9 /* JSONPostRouter.swift */; };
		OBJ_49 /* RequestKitSession.swift in Sources */ = {isa = PBXBuildFile; fileRef = OBJ_10 /* RequestKitSession.swift */; };
		OBJ_50 /* Router.swift in Sources */ = {isa = PBXBuildFile; fileRef = OBJ_11 /* Router.swift */; };
		OBJ_57 /* Configuration.swift in Sources */ = {isa = PBXBuildFile; fileRef = OBJ_13 /* Configuration.swift */; };
		OBJ_58 /* Follow.swift in Sources */ = {isa = PBXBuildFile; fileRef = OBJ_14 /* Follow.swift */; };
		OBJ_59 /* Issue.swift in Sources */ = {isa = PBXBuildFile; fileRef = OBJ_15 /* Issue.swift */; };
		OBJ_60 /* Label.swift in Sources */ = {isa = PBXBuildFile; fileRef = OBJ_16 /* Label.swift */; };
		OBJ_61 /* Milestone.swift in Sources */ = {isa = PBXBuildFile; fileRef = OBJ_17 /* Milestone.swift */; };
		OBJ_62 /* Octokit copy.swift in Sources */ = {isa = PBXBuildFile; fileRef = OBJ_18 /* Octokit copy.swift */; };
		OBJ_63 /* OctoKit.swift in Sources */ = {isa = PBXBuildFile; fileRef = OBJ_19 /* OctoKit.swift */; };
		OBJ_64 /* PublicKey.swift in Sources */ = {isa = PBXBuildFile; fileRef = OBJ_20 /* PublicKey.swift */; };
		OBJ_65 /* Repositories.swift in Sources */ = {isa = PBXBuildFile; fileRef = OBJ_21 /* Repositories.swift */; };
		OBJ_66 /* Stars.swift in Sources */ = {isa = PBXBuildFile; fileRef = OBJ_22 /* Stars.swift */; };
		OBJ_67 /* Time.swift in Sources */ = {isa = PBXBuildFile; fileRef = OBJ_23 /* Time.swift */; };
		OBJ_68 /* User.swift in Sources */ = {isa = PBXBuildFile; fileRef = OBJ_24 /* User.swift */; };
		OBJ_70 /* RequestKit.framework in Frameworks */ = {isa = PBXBuildFile; fileRef = OBJ_40 /* RequestKit.framework */; };
		OBJ_77 /* ConfigurationTests.swift in Sources */ = {isa = PBXBuildFile; fileRef = OBJ_27 /* ConfigurationTests.swift */; };
		OBJ_78 /* FollowTests.swift in Sources */ = {isa = PBXBuildFile; fileRef = OBJ_28 /* FollowTests.swift */; };
		OBJ_79 /* IssueTests.swift in Sources */ = {isa = PBXBuildFile; fileRef = OBJ_29 /* IssueTests.swift */; };
		OBJ_81 /* OctokitSwiftTests.swift in Sources */ = {isa = PBXBuildFile; fileRef = OBJ_31 /* OctokitSwiftTests.swift */; };
		OBJ_82 /* OctoKitURLTestSession.swift in Sources */ = {isa = PBXBuildFile; fileRef = OBJ_32 /* OctoKitURLTestSession.swift */; };
		OBJ_83 /* PublicKeyTests.swift in Sources */ = {isa = PBXBuildFile; fileRef = OBJ_33 /* PublicKeyTests.swift */; };
		OBJ_84 /* RepositoryTests.swift in Sources */ = {isa = PBXBuildFile; fileRef = OBJ_34 /* RepositoryTests.swift */; };
		OBJ_85 /* StarsTests.swift in Sources */ = {isa = PBXBuildFile; fileRef = OBJ_35 /* StarsTests.swift */; };
		OBJ_86 /* TestHelper.swift in Sources */ = {isa = PBXBuildFile; fileRef = OBJ_36 /* TestHelper.swift */; };
		OBJ_87 /* UserTests.swift in Sources */ = {isa = PBXBuildFile; fileRef = OBJ_37 /* UserTests.swift */; };
		OBJ_89 /* RequestKit.framework in Frameworks */ = {isa = PBXBuildFile; fileRef = OBJ_40 /* RequestKit.framework */; };
		OBJ_90 /* OctoKit.framework in Frameworks */ = {isa = PBXBuildFile; fileRef = OBJ_41 /* OctoKit.framework */; };
/* End PBXBuildFile section */

/* Begin PBXContainerItemProxy section */
		6E1D8FEB1E4BFC560095F47E /* PBXContainerItemProxy */ = {
			isa = PBXContainerItemProxy;
			containerPortal = OBJ_1 /* Project object */;
			proxyType = 1;
			remoteGlobalIDString = OBJ_43;
			remoteInfo = RequestKit;
		};
		6E1D8FEC1E4BFC560095F47E /* PBXContainerItemProxy */ = {
			isa = PBXContainerItemProxy;
			containerPortal = OBJ_1 /* Project object */;
			proxyType = 1;
			remoteGlobalIDString = OBJ_43;
			remoteInfo = RequestKit;
		};
		6E1D8FED1E4BFC560095F47E /* PBXContainerItemProxy */ = {
			isa = PBXContainerItemProxy;
			containerPortal = OBJ_1 /* Project object */;
			proxyType = 1;
			remoteGlobalIDString = OBJ_52;
			remoteInfo = OctoKit;
		};
/* End PBXContainerItemProxy section */

/* Begin PBXCopyFilesBuildPhase section */
		6E1D8FF71E4BFF490095F47E /* CopyFiles */ = {
			isa = PBXCopyFilesBuildPhase;
			buildActionMask = 2147483647;
			dstPath = "";
			dstSubfolderSpec = 7;
			files = (
				6E1D8FF81E4BFF5E0095F47E /* issue.json in CopyFiles */,
				6E1D8FF91E4BFF5E0095F47E /* issues.json in CopyFiles */,
				6E1D8FFA1E4BFF5E0095F47E /* public_key.json in CopyFiles */,
				6E1D8FFB1E4BFF5E0095F47E /* repo.json in CopyFiles */,
				6E1D8FFC1E4BFF5E0095F47E /* user_me.json in CopyFiles */,
				6E1D8FFD1E4BFF5E0095F47E /* user_mietzmithut.json in CopyFiles */,
				6E1D8FFE1E4BFF5E0095F47E /* user_repos.json in CopyFiles */,
				6E1D8FFF1E4BFF5E0095F47E /* users.json in CopyFiles */,
			);
			runOnlyForDeploymentPostprocessing = 0;
		};
/* End PBXCopyFilesBuildPhase section */

/* Begin PBXFileReference section */
		6E1D8FEF1E4BFF210095F47E /* issue.json */ = {isa = PBXFileReference; fileEncoding = 4; lastKnownFileType = text.json; path = issue.json; sourceTree = "<group>"; };
		6E1D8FF01E4BFF210095F47E /* issues.json */ = {isa = PBXFileReference; fileEncoding = 4; lastKnownFileType = text.json; path = issues.json; sourceTree = "<group>"; };
		6E1D8FF11E4BFF210095F47E /* public_key.json */ = {isa = PBXFileReference; fileEncoding = 4; lastKnownFileType = text.json; path = public_key.json; sourceTree = "<group>"; };
		6E1D8FF21E4BFF210095F47E /* repo.json */ = {isa = PBXFileReference; fileEncoding = 4; lastKnownFileType = text.json; path = repo.json; sourceTree = "<group>"; };
		6E1D8FF31E4BFF210095F47E /* user_me.json */ = {isa = PBXFileReference; fileEncoding = 4; lastKnownFileType = text.json; path = user_me.json; sourceTree = "<group>"; };
		6E1D8FF41E4BFF210095F47E /* user_mietzmithut.json */ = {isa = PBXFileReference; fileEncoding = 4; lastKnownFileType = text.json; path = user_mietzmithut.json; sourceTree = "<group>"; };
		6E1D8FF51E4BFF210095F47E /* user_repos.json */ = {isa = PBXFileReference; fileEncoding = 4; lastKnownFileType = text.json; path = user_repos.json; sourceTree = "<group>"; };
		6E1D8FF61E4BFF210095F47E /* users.json */ = {isa = PBXFileReference; fileEncoding = 4; lastKnownFileType = text.json; path = users.json; sourceTree = "<group>"; };
		OBJ_10 /* RequestKitSession.swift */ = {isa = PBXFileReference; lastKnownFileType = sourcecode.swift; path = RequestKitSession.swift; sourceTree = "<group>"; };
		OBJ_11 /* Router.swift */ = {isa = PBXFileReference; lastKnownFileType = sourcecode.swift; path = Router.swift; sourceTree = "<group>"; };
		OBJ_13 /* Configuration.swift */ = {isa = PBXFileReference; lastKnownFileType = sourcecode.swift; path = Configuration.swift; sourceTree = "<group>"; };
		OBJ_14 /* Follow.swift */ = {isa = PBXFileReference; lastKnownFileType = sourcecode.swift; path = Follow.swift; sourceTree = "<group>"; };
		OBJ_15 /* Issue.swift */ = {isa = PBXFileReference; lastKnownFileType = sourcecode.swift; path = Issue.swift; sourceTree = "<group>"; };
		OBJ_16 /* Label.swift */ = {isa = PBXFileReference; lastKnownFileType = sourcecode.swift; path = Label.swift; sourceTree = "<group>"; };
		OBJ_17 /* Milestone.swift */ = {isa = PBXFileReference; lastKnownFileType = sourcecode.swift; path = Milestone.swift; sourceTree = "<group>"; };
		OBJ_18 /* Octokit copy.swift */ = {isa = PBXFileReference; lastKnownFileType = sourcecode.swift; path = "Octokit copy.swift"; sourceTree = "<group>"; };
		OBJ_19 /* OctoKit.swift */ = {isa = PBXFileReference; lastKnownFileType = sourcecode.swift; path = OctoKit.swift; sourceTree = "<group>"; };
		OBJ_20 /* PublicKey.swift */ = {isa = PBXFileReference; lastKnownFileType = sourcecode.swift; path = PublicKey.swift; sourceTree = "<group>"; };
		OBJ_21 /* Repositories.swift */ = {isa = PBXFileReference; lastKnownFileType = sourcecode.swift; path = Repositories.swift; sourceTree = "<group>"; };
		OBJ_22 /* Stars.swift */ = {isa = PBXFileReference; lastKnownFileType = sourcecode.swift; path = Stars.swift; sourceTree = "<group>"; };
		OBJ_23 /* Time.swift */ = {isa = PBXFileReference; lastKnownFileType = sourcecode.swift; path = Time.swift; sourceTree = "<group>"; };
		OBJ_24 /* User.swift */ = {isa = PBXFileReference; lastKnownFileType = sourcecode.swift; path = User.swift; sourceTree = "<group>"; };
		OBJ_27 /* ConfigurationTests.swift */ = {isa = PBXFileReference; lastKnownFileType = sourcecode.swift; path = ConfigurationTests.swift; sourceTree = "<group>"; };
		OBJ_28 /* FollowTests.swift */ = {isa = PBXFileReference; lastKnownFileType = sourcecode.swift; path = FollowTests.swift; sourceTree = "<group>"; };
		OBJ_29 /* IssueTests.swift */ = {isa = PBXFileReference; lastKnownFileType = sourcecode.swift; path = IssueTests.swift; sourceTree = "<group>"; };
		OBJ_31 /* OctokitSwiftTests.swift */ = {isa = PBXFileReference; lastKnownFileType = sourcecode.swift; path = OctokitSwiftTests.swift; sourceTree = "<group>"; };
		OBJ_32 /* OctoKitURLTestSession.swift */ = {isa = PBXFileReference; lastKnownFileType = sourcecode.swift; path = OctoKitURLTestSession.swift; sourceTree = "<group>"; };
		OBJ_33 /* PublicKeyTests.swift */ = {isa = PBXFileReference; lastKnownFileType = sourcecode.swift; path = PublicKeyTests.swift; sourceTree = "<group>"; };
		OBJ_34 /* RepositoryTests.swift */ = {isa = PBXFileReference; lastKnownFileType = sourcecode.swift; path = RepositoryTests.swift; sourceTree = "<group>"; };
		OBJ_35 /* StarsTests.swift */ = {isa = PBXFileReference; lastKnownFileType = sourcecode.swift; path = StarsTests.swift; sourceTree = "<group>"; };
		OBJ_36 /* TestHelper.swift */ = {isa = PBXFileReference; lastKnownFileType = sourcecode.swift; path = TestHelper.swift; sourceTree = "<group>"; };
		OBJ_37 /* UserTests.swift */ = {isa = PBXFileReference; lastKnownFileType = sourcecode.swift; path = UserTests.swift; sourceTree = "<group>"; };
		OBJ_38 /* fastlane */ = {isa = PBXFileReference; lastKnownFileType = folder; path = fastlane; sourceTree = SOURCE_ROOT; };
		OBJ_40 /* RequestKit.framework */ = {isa = PBXFileReference; explicitFileType = wrapper.framework; path = RequestKit.framework; sourceTree = BUILT_PRODUCTS_DIR; };
		OBJ_41 /* OctoKit.framework */ = {isa = PBXFileReference; explicitFileType = wrapper.framework; path = OctoKit.framework; sourceTree = BUILT_PRODUCTS_DIR; };
		OBJ_42 /* OctoKitTests.xctest */ = {isa = PBXFileReference; lastKnownFileType = file; path = OctoKitTests.xctest; sourceTree = BUILT_PRODUCTS_DIR; };
		OBJ_6 /* Package.swift */ = {isa = PBXFileReference; explicitFileType = sourcecode.swift; path = Package.swift; sourceTree = "<group>"; };
		OBJ_9 /* JSONPostRouter.swift */ = {isa = PBXFileReference; lastKnownFileType = sourcecode.swift; path = JSONPostRouter.swift; sourceTree = "<group>"; };
/* End PBXFileReference section */

/* Begin PBXFrameworksBuildPhase section */
		OBJ_51 /* Frameworks */ = {
			isa = PBXFrameworksBuildPhase;
			buildActionMask = 0;
			files = (
			);
			runOnlyForDeploymentPostprocessing = 0;
		};
		OBJ_69 /* Frameworks */ = {
			isa = PBXFrameworksBuildPhase;
			buildActionMask = 0;
			files = (
				OBJ_70 /* RequestKit.framework in Frameworks */,
			);
			runOnlyForDeploymentPostprocessing = 0;
		};
		OBJ_88 /* Frameworks */ = {
			isa = PBXFrameworksBuildPhase;
			buildActionMask = 0;
			files = (
				OBJ_89 /* RequestKit.framework in Frameworks */,
				OBJ_90 /* OctoKit.framework in Frameworks */,
			);
			runOnlyForDeploymentPostprocessing = 0;
		};
/* End PBXFrameworksBuildPhase section */

/* Begin PBXGroup section */
		6E1D8FEE1E4BFF210095F47E /* Fixtures */ = {
			isa = PBXGroup;
			children = (
				6E1D8FEF1E4BFF210095F47E /* issue.json */,
				6E1D8FF01E4BFF210095F47E /* issues.json */,
				6E1D8FF11E4BFF210095F47E /* public_key.json */,
				6E1D8FF21E4BFF210095F47E /* repo.json */,
				6E1D8FF31E4BFF210095F47E /* user_me.json */,
				6E1D8FF41E4BFF210095F47E /* user_mietzmithut.json */,
				6E1D8FF51E4BFF210095F47E /* user_repos.json */,
				6E1D8FF61E4BFF210095F47E /* users.json */,
			);
			path = Fixtures;
			sourceTree = "<group>";
		};
		OBJ_12 /* OctoKit */ = {
			isa = PBXGroup;
			children = (
				OBJ_13 /* Configuration.swift */,
				OBJ_14 /* Follow.swift */,
				OBJ_15 /* Issue.swift */,
				OBJ_16 /* Label.swift */,
				OBJ_17 /* Milestone.swift */,
				OBJ_18 /* Octokit copy.swift */,
				OBJ_19 /* OctoKit.swift */,
				OBJ_20 /* PublicKey.swift */,
				OBJ_21 /* Repositories.swift */,
				OBJ_22 /* Stars.swift */,
				OBJ_23 /* Time.swift */,
				OBJ_24 /* User.swift */,
			);
			name = OctoKit;
			path = Sources;
			sourceTree = SOURCE_ROOT;
		};
		OBJ_25 /* Tests */ = {
			isa = PBXGroup;
			children = (
				OBJ_26 /* OctoKitTests */,
			);
			path = Tests;
			sourceTree = "<group>";
		};
		OBJ_26 /* OctoKitTests */ = {
			isa = PBXGroup;
			children = (
				6E1D8FEE1E4BFF210095F47E /* Fixtures */,
				OBJ_27 /* ConfigurationTests.swift */,
				OBJ_28 /* FollowTests.swift */,
				OBJ_29 /* IssueTests.swift */,
				OBJ_31 /* OctokitSwiftTests.swift */,
				OBJ_33 /* PublicKeyTests.swift */,
				OBJ_34 /* RepositoryTests.swift */,
				OBJ_35 /* StarsTests.swift */,
				OBJ_37 /* UserTests.swift */,
				OBJ_32 /* OctoKitURLTestSession.swift */,
				OBJ_36 /* TestHelper.swift */,
			);
			name = OctoKitTests;
			path = Tests/OctoKitTests;
			sourceTree = SOURCE_ROOT;
		};
		OBJ_39 /* Products */ = {
			isa = PBXGroup;
			children = (
				OBJ_40 /* RequestKit.framework */,
				OBJ_41 /* OctoKit.framework */,
				OBJ_42 /* OctoKitTests.xctest */,
			);
			name = Products;
			sourceTree = BUILT_PRODUCTS_DIR;
		};
		OBJ_5 /*  */ = {
			isa = PBXGroup;
			children = (
				OBJ_6 /* Package.swift */,
				OBJ_7 /* Sources */,
				OBJ_25 /* Tests */,
				OBJ_38 /* fastlane */,
				OBJ_39 /* Products */,
			);
			name = "";
			sourceTree = "<group>";
		};
		OBJ_7 /* Sources */ = {
			isa = PBXGroup;
			children = (
				OBJ_8 /* RequestKit */,
				OBJ_12 /* OctoKit */,
			);
			path = Sources;
			sourceTree = "<group>";
		};
		OBJ_8 /* RequestKit */ = {
			isa = PBXGroup;
			children = (
				OBJ_9 /* JSONPostRouter.swift */,
				OBJ_10 /* RequestKitSession.swift */,
				OBJ_11 /* Router.swift */,
			);
			name = RequestKit;
			path = "Packages/RequestKit-3.0.0/Sources";
			sourceTree = SOURCE_ROOT;
		};
/* End PBXGroup section */

/* Begin PBXNativeTarget section */
		OBJ_43 /* RequestKit */ = {
			isa = PBXNativeTarget;
			buildConfigurationList = OBJ_44 /* Build configuration list for PBXNativeTarget "RequestKit" */;
			buildPhases = (
				OBJ_47 /* Sources */,
				OBJ_51 /* Frameworks */,
			);
			buildRules = (
			);
			dependencies = (
			);
			name = RequestKit;
			productName = RequestKit;
			productReference = OBJ_40 /* RequestKit.framework */;
			productType = "com.apple.product-type.framework";
		};
		OBJ_52 /* OctoKit */ = {
			isa = PBXNativeTarget;
			buildConfigurationList = OBJ_53 /* Build configuration list for PBXNativeTarget "OctoKit" */;
			buildPhases = (
				OBJ_56 /* Sources */,
				OBJ_69 /* Frameworks */,
			);
			buildRules = (
			);
			dependencies = (
				OBJ_71 /* PBXTargetDependency */,
			);
			name = OctoKit;
			productName = OctoKit;
			productReference = OBJ_41 /* OctoKit.framework */;
			productType = "com.apple.product-type.framework";
		};
		OBJ_72 /* OctoKitTests */ = {
			isa = PBXNativeTarget;
			buildConfigurationList = OBJ_73 /* Build configuration list for PBXNativeTarget "OctoKitTests" */;
			buildPhases = (
				OBJ_76 /* Sources */,
				OBJ_88 /* Frameworks */,
				6E1D8FF71E4BFF490095F47E /* CopyFiles */,
			);
			buildRules = (
			);
			dependencies = (
				OBJ_91 /* PBXTargetDependency */,
				OBJ_92 /* PBXTargetDependency */,
			);
			name = OctoKitTests;
			productName = OctoKitTests;
			productReference = OBJ_42 /* OctoKitTests.xctest */;
			productType = "com.apple.product-type.bundle.unit-test";
		};
/* End PBXNativeTarget section */

/* Begin PBXProject section */
		OBJ_1 /* Project object */ = {
			isa = PBXProject;
			attributes = {
				LastUpgradeCheck = 9999;
			};
			buildConfigurationList = OBJ_2 /* Build configuration list for PBXProject "OctoKit" */;
			compatibilityVersion = "Xcode 3.2";
			developmentRegion = English;
			hasScannedForEncodings = 0;
			knownRegions = (
				en,
			);
			mainGroup = OBJ_5 /*  */;
			productRefGroup = OBJ_39 /* Products */;
			projectDirPath = "";
			projectRoot = "";
			targets = (
				OBJ_43 /* RequestKit */,
				OBJ_52 /* OctoKit */,
				OBJ_72 /* OctoKitTests */,
			);
		};
/* End PBXProject section */

/* Begin PBXSourcesBuildPhase section */
		OBJ_47 /* Sources */ = {
			isa = PBXSourcesBuildPhase;
			buildActionMask = 0;
			files = (
				OBJ_48 /* JSONPostRouter.swift in Sources */,
				OBJ_49 /* RequestKitSession.swift in Sources */,
				OBJ_50 /* Router.swift in Sources */,
			);
			runOnlyForDeploymentPostprocessing = 0;
		};
		OBJ_56 /* Sources */ = {
			isa = PBXSourcesBuildPhase;
			buildActionMask = 0;
			files = (
				OBJ_57 /* Configuration.swift in Sources */,
				OBJ_58 /* Follow.swift in Sources */,
				OBJ_59 /* Issue.swift in Sources */,
				OBJ_60 /* Label.swift in Sources */,
				OBJ_61 /* Milestone.swift in Sources */,
				OBJ_62 /* Octokit copy.swift in Sources */,
				OBJ_63 /* OctoKit.swift in Sources */,
				OBJ_64 /* PublicKey.swift in Sources */,
				OBJ_65 /* Repositories.swift in Sources */,
				OBJ_66 /* Stars.swift in Sources */,
				OBJ_67 /* Time.swift in Sources */,
				OBJ_68 /* User.swift in Sources */,
			);
			runOnlyForDeploymentPostprocessing = 0;
		};
		OBJ_76 /* Sources */ = {
			isa = PBXSourcesBuildPhase;
			buildActionMask = 0;
			files = (
				OBJ_77 /* ConfigurationTests.swift in Sources */,
				OBJ_78 /* FollowTests.swift in Sources */,
				OBJ_79 /* IssueTests.swift in Sources */,
				OBJ_81 /* OctokitSwiftTests.swift in Sources */,
				OBJ_82 /* OctoKitURLTestSession.swift in Sources */,
				OBJ_83 /* PublicKeyTests.swift in Sources */,
				OBJ_84 /* RepositoryTests.swift in Sources */,
				OBJ_85 /* StarsTests.swift in Sources */,
				OBJ_86 /* TestHelper.swift in Sources */,
				OBJ_87 /* UserTests.swift in Sources */,
			);
			runOnlyForDeploymentPostprocessing = 0;
		};
/* End PBXSourcesBuildPhase section */

/* Begin PBXTargetDependency section */
		OBJ_71 /* PBXTargetDependency */ = {
			isa = PBXTargetDependency;
			target = OBJ_43 /* RequestKit */;
			targetProxy = 6E1D8FEB1E4BFC560095F47E /* PBXContainerItemProxy */;
		};
		OBJ_91 /* PBXTargetDependency */ = {
			isa = PBXTargetDependency;
			target = OBJ_43 /* RequestKit */;
			targetProxy = 6E1D8FEC1E4BFC560095F47E /* PBXContainerItemProxy */;
		};
		OBJ_92 /* PBXTargetDependency */ = {
			isa = PBXTargetDependency;
			target = OBJ_52 /* OctoKit */;
			targetProxy = 6E1D8FED1E4BFC560095F47E /* PBXContainerItemProxy */;
		};
/* End PBXTargetDependency section */

/* Begin XCBuildConfiguration section */
		OBJ_3 /* Debug */ = {
			isa = XCBuildConfiguration;
			buildSettings = {
				COMBINE_HIDPI_IMAGES = YES;
				COPY_PHASE_STRIP = NO;
				DEBUG_INFORMATION_FORMAT = dwarf;
				DYLIB_INSTALL_NAME_BASE = "@rpath";
				ENABLE_NS_ASSERTIONS = YES;
				GCC_OPTIMIZATION_LEVEL = 0;
				MACOSX_DEPLOYMENT_TARGET = 10.10;
				ONLY_ACTIVE_ARCH = YES;
				OTHER_SWIFT_FLAGS = "-DXcode";
				PRODUCT_NAME = "$(TARGET_NAME)";
				SDKROOT = macosx;
				SUPPORTED_PLATFORMS = "macosx iphoneos iphonesimulator appletvos appletvsimulator watchos watchsimulator";
				SWIFT_ACTIVE_COMPILATION_CONDITIONS = SWIFT_PACKAGE;
				SWIFT_OPTIMIZATION_LEVEL = "-Onone";
				SWIFT_VERSION = 3.0;
				USE_HEADERMAP = NO;
			};
			name = Debug;
		};
		OBJ_4 /* Release */ = {
			isa = XCBuildConfiguration;
			buildSettings = {
				COMBINE_HIDPI_IMAGES = YES;
				COPY_PHASE_STRIP = YES;
				DEBUG_INFORMATION_FORMAT = "dwarf-with-dsym";
				DYLIB_INSTALL_NAME_BASE = "@rpath";
				GCC_OPTIMIZATION_LEVEL = s;
				MACOSX_DEPLOYMENT_TARGET = 10.10;
				OTHER_SWIFT_FLAGS = "-DXcode";
				PRODUCT_NAME = "$(TARGET_NAME)";
				SDKROOT = macosx;
				SUPPORTED_PLATFORMS = "macosx iphoneos iphonesimulator appletvos appletvsimulator watchos watchsimulator";
				SWIFT_ACTIVE_COMPILATION_CONDITIONS = SWIFT_PACKAGE;
				SWIFT_OPTIMIZATION_LEVEL = "-O";
				SWIFT_VERSION = 3.0;
				USE_HEADERMAP = NO;
			};
			name = Release;
		};
		OBJ_45 /* Debug */ = {
			isa = XCBuildConfiguration;
			buildSettings = {
				ENABLE_TESTABILITY = YES;
				FRAMEWORK_SEARCH_PATHS = (
					"$(inherited)",
					"$(PLATFORM_DIR)/Developer/Library/Frameworks",
				);
				HEADER_SEARCH_PATHS = "$(inherited)";
				INFOPLIST_FILE = OctoKit.xcodeproj/RequestKit_Info.plist;
				LD_RUNPATH_SEARCH_PATHS = "$(TOOLCHAIN_DIR)/usr/lib/swift/macosx";
				OTHER_LDFLAGS = "$(inherited)";
				OTHER_SWIFT_FLAGS = "$(inherited)";
				PRODUCT_BUNDLE_IDENTIFIER = RequestKit;
				PRODUCT_MODULE_NAME = "$(TARGET_NAME:c99extidentifier)";
				PRODUCT_NAME = "$(TARGET_NAME:c99extidentifier)";
				TARGET_NAME = RequestKit;
			};
			name = Debug;
		};
		OBJ_46 /* Release */ = {
			isa = XCBuildConfiguration;
			buildSettings = {
				ENABLE_TESTABILITY = YES;
				FRAMEWORK_SEARCH_PATHS = (
					"$(inherited)",
					"$(PLATFORM_DIR)/Developer/Library/Frameworks",
				);
				HEADER_SEARCH_PATHS = "$(inherited)";
				INFOPLIST_FILE = OctoKit.xcodeproj/RequestKit_Info.plist;
				LD_RUNPATH_SEARCH_PATHS = "$(TOOLCHAIN_DIR)/usr/lib/swift/macosx";
				OTHER_LDFLAGS = "$(inherited)";
				OTHER_SWIFT_FLAGS = "$(inherited)";
				PRODUCT_BUNDLE_IDENTIFIER = RequestKit;
				PRODUCT_MODULE_NAME = "$(TARGET_NAME:c99extidentifier)";
				PRODUCT_NAME = "$(TARGET_NAME:c99extidentifier)";
				TARGET_NAME = RequestKit;
			};
			name = Release;
		};
		OBJ_54 /* Debug */ = {
			isa = XCBuildConfiguration;
			buildSettings = {
				ENABLE_TESTABILITY = YES;
				FRAMEWORK_SEARCH_PATHS = (
					"$(inherited)",
					"$(PLATFORM_DIR)/Developer/Library/Frameworks",
				);
				HEADER_SEARCH_PATHS = "$(inherited)";
				INFOPLIST_FILE = OctoKit.xcodeproj/OctoKit_Info.plist;
				LD_RUNPATH_SEARCH_PATHS = "$(TOOLCHAIN_DIR)/usr/lib/swift/macosx";
				OTHER_LDFLAGS = "$(inherited)";
				OTHER_SWIFT_FLAGS = "$(inherited)";
				PRODUCT_BUNDLE_IDENTIFIER = OctoKit;
				PRODUCT_MODULE_NAME = "$(TARGET_NAME:c99extidentifier)";
				PRODUCT_NAME = "$(TARGET_NAME:c99extidentifier)";
				TARGET_NAME = OctoKit;
			};
			name = Debug;
		};
		OBJ_55 /* Release */ = {
			isa = XCBuildConfiguration;
			buildSettings = {
				ENABLE_TESTABILITY = YES;
				FRAMEWORK_SEARCH_PATHS = (
					"$(inherited)",
					"$(PLATFORM_DIR)/Developer/Library/Frameworks",
				);
				HEADER_SEARCH_PATHS = "$(inherited)";
				INFOPLIST_FILE = OctoKit.xcodeproj/OctoKit_Info.plist;
				LD_RUNPATH_SEARCH_PATHS = "$(TOOLCHAIN_DIR)/usr/lib/swift/macosx";
				OTHER_LDFLAGS = "$(inherited)";
				OTHER_SWIFT_FLAGS = "$(inherited)";
				PRODUCT_BUNDLE_IDENTIFIER = OctoKit;
				PRODUCT_MODULE_NAME = "$(TARGET_NAME:c99extidentifier)";
				PRODUCT_NAME = "$(TARGET_NAME:c99extidentifier)";
				TARGET_NAME = OctoKit;
			};
			name = Release;
		};
		OBJ_74 /* Debug */ = {
			isa = XCBuildConfiguration;
			buildSettings = {
				EMBEDDED_CONTENT_CONTAINS_SWIFT = YES;
				FRAMEWORK_SEARCH_PATHS = (
					"$(inherited)",
					"$(PLATFORM_DIR)/Developer/Library/Frameworks",
				);
				HEADER_SEARCH_PATHS = "$(inherited)";
				INFOPLIST_FILE = OctoKit.xcodeproj/OctoKitTests_Info.plist;
				LD_RUNPATH_SEARCH_PATHS = "@loader_path/../Frameworks";
				OTHER_LDFLAGS = "$(inherited)";
				OTHER_SWIFT_FLAGS = "$(inherited)";
				TARGET_NAME = OctoKitTests;
			};
			name = Debug;
		};
		OBJ_75 /* Release */ = {
			isa = XCBuildConfiguration;
			buildSettings = {
				EMBEDDED_CONTENT_CONTAINS_SWIFT = YES;
				FRAMEWORK_SEARCH_PATHS = (
					"$(inherited)",
					"$(PLATFORM_DIR)/Developer/Library/Frameworks",
				);
				HEADER_SEARCH_PATHS = "$(inherited)";
				INFOPLIST_FILE = OctoKit.xcodeproj/OctoKitTests_Info.plist;
				LD_RUNPATH_SEARCH_PATHS = "@loader_path/../Frameworks";
				OTHER_LDFLAGS = "$(inherited)";
				OTHER_SWIFT_FLAGS = "$(inherited)";
				TARGET_NAME = OctoKitTests;
			};
			name = Release;
		};
/* End XCBuildConfiguration section */

/* Begin XCConfigurationList section */
		OBJ_2 /* Build configuration list for PBXProject "OctoKit" */ = {
			isa = XCConfigurationList;
			buildConfigurations = (
				OBJ_3 /* Debug */,
				OBJ_4 /* Release */,
			);
			defaultConfigurationIsVisible = 0;
			defaultConfigurationName = Debug;
		};
		OBJ_44 /* Build configuration list for PBXNativeTarget "RequestKit" */ = {
			isa = XCConfigurationList;
			buildConfigurations = (
				OBJ_45 /* Debug */,
				OBJ_46 /* Release */,
			);
			defaultConfigurationIsVisible = 0;
			defaultConfigurationName = Debug;
		};
		OBJ_53 /* Build configuration list for PBXNativeTarget "OctoKit" */ = {
			isa = XCConfigurationList;
			buildConfigurations = (
				OBJ_54 /* Debug */,
				OBJ_55 /* Release */,
			);
			defaultConfigurationIsVisible = 0;
			defaultConfigurationName = Debug;
		};
		OBJ_73 /* Build configuration list for PBXNativeTarget "OctoKitTests" */ = {
			isa = XCConfigurationList;
			buildConfigurations = (
				OBJ_74 /* Debug */,
				OBJ_75 /* Release */,
			);
			defaultConfigurationIsVisible = 0;
			defaultConfigurationName = Debug;
		};
/* End XCConfigurationList section */
	};
	rootObject = OBJ_1 /* Project object */;
}
